
Microsoft Visual Studio Solution File, Format Version 12.00
# Visual Studio 15
Project("{FAE04EC0-301F-11D3-BF4B-00C04F79EFBC}") = "Assembly-CSharp", "Assembly-CSharp.csproj", "{C72E826A-5D7B-681D-D23B-5D7D984C467F}"
EndProject
Project("{FAE04EC0-301F-11D3-BF4B-00C04F79EFBC}") = "NaughtyAttributes.Test", "NaughtyAttributes.Test.csproj", "{E5631CE2-7A20-C8CB-DD39-DD8F121B91E4}"
EndProject
Project("{FAE04EC0-301F-11D3-BF4B-00C04F79EFBC}") = "NaughtyAttributes.Core", "NaughtyAttributes.Core.csproj", "{5A6DAC24-EB14-34FF-8ACF-4AC03B7054CE}"
EndProject
Project("{FAE04EC0-301F-11D3-BF4B-00C04F79EFBC}") = "NaughtyAttributes.Editor", "NaughtyAttributes.Editor.csproj", "{1657295D-1331-3DFF-C391-5E7CCA7976D6}"
EndProject
Global
	GlobalSection(SolutionConfigurationPlatforms) = preSolution
		Debug|Any CPU = Debug|Any CPU
		Release|Any CPU = Release|Any CPU
	EndGlobalSection
	GlobalSection(ProjectConfigurationPlatforms) = postSolution
		{C72E826A-5D7B-681D-D23B-5D7D984C467F}.Debug|Any CPU.ActiveCfg = Debug|Any CPU
		{C72E826A-5D7B-681D-D23B-5D7D984C467F}.Debug|Any CPU.Build.0 = Debug|Any CPU
		{C72E826A-5D7B-681D-D23B-5D7D984C467F}.Release|Any CPU.ActiveCfg = Release|Any CPU
		{C72E826A-5D7B-681D-D23B-5D7D984C467F}.Release|Any CPU.Build.0 = Release|Any CPU
		{E5631CE2-7A20-C8CB-DD39-DD8F121B91E4}.Debug|Any CPU.ActiveCfg = Debug|Any CPU
		{E5631CE2-7A20-C8CB-DD39-DD8F121B91E4}.Debug|Any CPU.Build.0 = Debug|Any CPU
		{E5631CE2-7A20-C8CB-DD39-DD8F121B91E4}.Release|Any CPU.ActiveCfg = Release|Any CPU
		{E5631CE2-7A20-C8CB-DD39-DD8F121B91E4}.Release|Any CPU.Build.0 = Release|Any CPU
		{5A6DAC24-EB14-34FF-8ACF-4AC03B7054CE}.Debug|Any CPU.ActiveCfg = Debug|Any CPU
		{5A6DAC24-EB14-34FF-8ACF-4AC03B7054CE}.Debug|Any CPU.Build.0 = Debug|Any CPU
		{5A6DAC24-EB14-34FF-8ACF-4AC03B7054CE}.Release|Any CPU.ActiveCfg = Release|Any CPU
		{5A6DAC24-EB14-34FF-8ACF-4AC03B7054CE}.Release|Any CPU.Build.0 = Release|Any CPU
		{1657295D-1331-3DFF-C391-5E7CCA7976D6}.Debug|Any CPU.ActiveCfg = Debug|Any CPU
		{1657295D-1331-3DFF-C391-5E7CCA7976D6}.Debug|Any CPU.Build.0 = Debug|Any CPU
		{1657295D-1331-3DFF-C391-5E7CCA7976D6}.Release|Any CPU.ActiveCfg = Release|Any CPU
		{1657295D-1331-3DFF-C391-5E7CCA7976D6}.Release|Any CPU.Build.0 = Release|Any CPU
	EndGlobalSection
	GlobalSection(SolutionProperties) = preSolution
		HideSolutionNode = FALSE
	EndGlobalSection
EndGlobal
